
Microsoft Visual Studio Solution File, Format Version 12.00
# Visual Studio 15
VisualStudioVersion = 15.0.27703.2042
MinimumVisualStudioVersion = 10.0.40219.1
Project("{9A19103F-16F7-4668-BE54-9A1E7A4F7556}") = "ExchangesApi", "ExchangesApi\ExchangesApi.csproj", "{BD397BC9-1A98-4A9C-A396-7D4242718075}"
EndProject
Project("{9A19103F-16F7-4668-BE54-9A1E7A4F7556}") = "ExchangesApi.Tests", "ExchangesApi.Tests\ExchangesApi.Tests.csproj", "{BF628E04-6BAF-4DA3-B10B-551823797FBB}"
EndProject
Project("{FAE04EC0-301F-11D3-BF4B-00C04F79EFBC}") = "ExchangesApi.Runner", "ExchangesApi.Runner\ExchangesApi.Runner.csproj", "{7CC7C391-A6A5-4AF3-BA00-2B044AF49C4E}"
EndProject
Global
	GlobalSection(SolutionConfigurationPlatforms) = preSolution
		Debug|Any CPU = Debug|Any CPU
		Release|Any CPU = Release|Any CPU
	EndGlobalSection
	GlobalSection(ProjectConfigurationPlatforms) = postSolution
		{BD397BC9-1A98-4A9C-A396-7D4242718075}.Debug|Any CPU.ActiveCfg = Debug|Any CPU
		{BD397BC9-1A98-4A9C-A396-7D4242718075}.Debug|Any CPU.Build.0 = Debug|Any CPU
		{BD397BC9-1A98-4A9C-A396-7D4242718075}.Release|Any CPU.ActiveCfg = Release|Any CPU
		{BD397BC9-1A98-4A9C-A396-7D4242718075}.Release|Any CPU.Build.0 = Release|Any CPU
		{BF628E04-6BAF-4DA3-B10B-551823797FBB}.Debug|Any CPU.ActiveCfg = Debug|Any CPU
		{BF628E04-6BAF-4DA3-B10B-551823797FBB}.Debug|Any CPU.Build.0 = Debug|Any CPU
		{BF628E04-6BAF-4DA3-B10B-551823797FBB}.Release|Any CPU.ActiveCfg = Release|Any CPU
		{BF628E04-6BAF-4DA3-B10B-551823797FBB}.Release|Any CPU.Build.0 = Release|Any CPU
		{7CC7C391-A6A5-4AF3-BA00-2B044AF49C4E}.Debug|Any CPU.ActiveCfg = Debug|Any CPU
		{7CC7C391-A6A5-4AF3-BA00-2B044AF49C4E}.Debug|Any CPU.Build.0 = Debug|Any CPU
		{7CC7C391-A6A5-4AF3-BA00-2B044AF49C4E}.Release|Any CPU.ActiveCfg = Release|Any CPU
		{7CC7C391-A6A5-4AF3-BA00-2B044AF49C4E}.Release|Any CPU.Build.0 = Release|Any CPU
	EndGlobalSection
	GlobalSection(SolutionProperties) = preSolution
		HideSolutionNode = FALSE
	EndGlobalSection
	GlobalSection(ExtensibilityGlobals) = postSolution
		SolutionGuid = {5A22250F-5148-4452-B7FC-CF2EF10D85AC}
	EndGlobalSection
EndGlobal
